
Microsoft Visual Studio Solution File, Format Version 12.00
# Visual Studio Version 16
VisualStudioVersion = 16.0.29806.167
MinimumVisualStudioVersion = 10.0.40219.1
Project("{FAE04EC0-301F-11D3-BF4B-00C04F79EFBC}") = "CV-project", "CV-project\CV-project.csproj", "{FB3BC0C8-BDA3-4A5A-A17B-FCD28E45A349}"
EndProject
Global
	GlobalSection(SolutionConfigurationPlatforms) = preSolution
		Debug|Any CPU = Debug|Any CPU
		Release|Any CPU = Release|Any CPU
	EndGlobalSection
	GlobalSection(ProjectConfigurationPlatforms) = postSolution
		{FB3BC0C8-BDA3-4A5A-A17B-FCD28E45A349}.Debug|Any CPU.ActiveCfg = Debug|Any CPU
		{FB3BC0C8-BDA3-4A5A-A17B-FCD28E45A349}.Debug|Any CPU.Build.0 = Debug|Any CPU
		{FB3BC0C8-BDA3-4A5A-A17B-FCD28E45A349}.Release|Any CPU.ActiveCfg = Release|Any CPU
		{FB3BC0C8-BDA3-4A5A-A17B-FCD28E45A349}.Release|Any CPU.Build.0 = Release|Any CPU
	EndGlobalSection
	GlobalSection(SolutionProperties) = preSolution
		HideSolutionNode = FALSE
	EndGlobalSection
	GlobalSection(ExtensibilityGlobals) = postSolution
		SolutionGuid = {4FEC1F30-97C7-4F83-B275-59FAEF914C4D}
	EndGlobalSection
EndGlobal
